
Microsoft Visual Studio Solution File, Format Version 12.00
# Visual Studio Version 16
VisualStudioVersion = 16.0.30804.86
MinimumVisualStudioVersion = 10.0.40219.1
Project("{FAE04EC0-301F-11D3-BF4B-00C04F79EFBC}") = "my-books", "my-books\my-books.csproj", "{31C77960-F61A-4F97-BAB1-73072ACBAFEC}"
EndProject
Global
	GlobalSection(SolutionConfigurationPlatforms) = preSolution
		Debug|Any CPU = Debug|Any CPU
		Release|Any CPU = Release|Any CPU
	EndGlobalSection
	GlobalSection(ProjectConfigurationPlatforms) = postSolution
		{31C77960-F61A-4F97-BAB1-73072ACBAFEC}.Debug|Any CPU.ActiveCfg = Debug|Any CPU
		{31C77960-F61A-4F97-BAB1-73072ACBAFEC}.Debug|Any CPU.Build.0 = Debug|Any CPU
		{31C77960-F61A-4F97-BAB1-73072ACBAFEC}.Release|Any CPU.ActiveCfg = Release|Any CPU
		{31C77960-F61A-4F97-BAB1-73072ACBAFEC}.Release|Any CPU.Build.0 = Release|Any CPU
	EndGlobalSection
	GlobalSection(SolutionProperties) = preSolution
		HideSolutionNode = FALSE
	EndGlobalSection
	GlobalSection(ExtensibilityGlobals) = postSolution
		SolutionGuid = {393A5488-4A75-4C2B-BC66-7D35D93F0F09}
	EndGlobalSection
EndGlobal
